<Solution>
  <Configurations>
    <Platform Name="x64" />
    <Platform Name="x86" />
  </Configurations>
  <Project Path="LearnOpenGL.vcxproj" Id="d762d2ab-121f-4261-8001-2924d9a4cadf" />
  <Project Path="Lezione_2/Lezione_2.vcxproj" Id="2e1f7731-44c0-4d82-a4ab-7d785d28ec23" />
  <Project Path="Lezione_3/Lezione_3.vcxproj" Id="d283fe1b-ed80-4f3a-961e-198dd3711c34" />
  <Project Path="Lezione_5/Lezione_5.vcxproj" Id="6458ee0e-d646-4482-96c0-cd26cf285752" />
</Solution>
